
Microsoft Visual Studio Solution File, Format Version 12.00
# Visual Studio Version 17
VisualStudioVersion = 17.5.33516.290
MinimumVisualStudioVersion = 10.0.40219.1
Project("{FAE04EC0-301F-11D3-BF4B-00C04F79EFBC}") = "PictureWorker", "PictureWorker\PictureWorker.csproj", "{A95DA278-408E-46FB-85C4-0B7A6197AA09}"
EndProject
Global
	GlobalSection(SolutionConfigurationPlatforms) = preSolution
		Debug|Any CPU = Debug|Any CPU
		Release|Any CPU = Release|Any CPU
	EndGlobalSection
	GlobalSection(ProjectConfigurationPlatforms) = postSolution
		{A95DA278-408E-46FB-85C4-0B7A6197AA09}.Debug|Any CPU.ActiveCfg = Debug|Any CPU
		{A95DA278-408E-46FB-85C4-0B7A6197AA09}.Debug|Any CPU.Build.0 = Debug|Any CPU
		{A95DA278-408E-46FB-85C4-0B7A6197AA09}.Release|Any CPU.ActiveCfg = Release|Any CPU
		{A95DA278-408E-46FB-85C4-0B7A6197AA09}.Release|Any CPU.Build.0 = Release|Any CPU
	EndGlobalSection
	GlobalSection(SolutionProperties) = preSolution
		HideSolutionNode = FALSE
	EndGlobalSection
	GlobalSection(ExtensibilityGlobals) = postSolution
		SolutionGuid = {6A69E806-F606-47EA-B67B-244E7895EB07}
	EndGlobalSection
EndGlobal
